
Microsoft Visual Studio Solution File, Format Version 12.00
# Visual Studio 14
VisualStudioVersion = 14.0.23107.0
MinimumVisualStudioVersion = 10.0.40219.1
Project("{FAE04EC0-301F-11D3-BF4B-00C04F79EFBC}") = "Exerc_11_Calc_Salario_Categorias", "Exerc_11_Calc_Salario_Categorias\Exerc_11_Calc_Salario_Categorias.csproj", "{535343C8-4CC4-4472-A82A-5D772A43E5E9}"
EndProject
Global
	GlobalSection(SolutionConfigurationPlatforms) = preSolution
		Debug|Any CPU = Debug|Any CPU
		Release|Any CPU = Release|Any CPU
	EndGlobalSection
	GlobalSection(ProjectConfigurationPlatforms) = postSolution
		{535343C8-4CC4-4472-A82A-5D772A43E5E9}.Debug|Any CPU.ActiveCfg = Debug|Any CPU
		{535343C8-4CC4-4472-A82A-5D772A43E5E9}.Debug|Any CPU.Build.0 = Debug|Any CPU
		{535343C8-4CC4-4472-A82A-5D772A43E5E9}.Release|Any CPU.ActiveCfg = Release|Any CPU
		{535343C8-4CC4-4472-A82A-5D772A43E5E9}.Release|Any CPU.Build.0 = Release|Any CPU
	EndGlobalSection
	GlobalSection(SolutionProperties) = preSolution
		HideSolutionNode = FALSE
	EndGlobalSection
EndGlobal
